
Microsoft Visual Studio Solution File, Format Version 12.00
# Visual Studio 15
VisualStudioVersion = 15.0.27004.2009
MinimumVisualStudioVersion = 10.0.40219.1
Project("{888888A0-9F3D-457C-B088-3A5042F75D52}") = "Cryengine Importer", "Cryengine Importer\Cryengine Importer.pyproj", "{E9E1750A-203C-4F2B-864A-650192A7531B}"
EndProject
Global
	GlobalSection(SolutionConfigurationPlatforms) = preSolution
		Debug|Any CPU = Debug|Any CPU
		Release|Any CPU = Release|Any CPU
	EndGlobalSection
	GlobalSection(ProjectConfigurationPlatforms) = postSolution
		{E9E1750A-203C-4F2B-864A-650192A7531B}.Debug|Any CPU.ActiveCfg = Debug|Any CPU
		{E9E1750A-203C-4F2B-864A-650192A7531B}.Release|Any CPU.ActiveCfg = Release|Any CPU
	EndGlobalSection
	GlobalSection(SolutionProperties) = preSolution
		HideSolutionNode = FALSE
	EndGlobalSection
	GlobalSection(ExtensibilityGlobals) = postSolution
		SolutionGuid = {A0661EF9-FF48-4031-8187-687712ECA7CC}
	EndGlobalSection
EndGlobal
